
Microsoft Visual Studio Solution File, Format Version 12.00
# Visual Studio Version 17
VisualStudioVersion = 17.5.33516.290
MinimumVisualStudioVersion = 10.0.40219.1
Project("{8BC9CEB8-8B4A-11D0-8D11-00A0C91BC942}") = "Final-project", "Final-project\Final-project.vcxproj", "{751B5361-A7BE-4877-B139-197F16A9E977}"
EndProject
Global
	GlobalSection(SolutionConfigurationPlatforms) = preSolution
		Debug|x64 = Debug|x64
		Debug|x86 = Debug|x86
		Release|x64 = Release|x64
		Release|x86 = Release|x86
	EndGlobalSection
	GlobalSection(ProjectConfigurationPlatforms) = postSolution
		{751B5361-A7BE-4877-B139-197F16A9E977}.Debug|x64.ActiveCfg = Debug|x64
		{751B5361-A7BE-4877-B139-197F16A9E977}.Debug|x64.Build.0 = Debug|x64
		{751B5361-A7BE-4877-B139-197F16A9E977}.Debug|x86.ActiveCfg = Debug|Win32
		{751B5361-A7BE-4877-B139-197F16A9E977}.Debug|x86.Build.0 = Debug|Win32
		{751B5361-A7BE-4877-B139-197F16A9E977}.Release|x64.ActiveCfg = Release|x64
		{751B5361-A7BE-4877-B139-197F16A9E977}.Release|x64.Build.0 = Release|x64
		{751B5361-A7BE-4877-B139-197F16A9E977}.Release|x86.ActiveCfg = Release|Win32
		{751B5361-A7BE-4877-B139-197F16A9E977}.Release|x86.Build.0 = Release|Win32
	EndGlobalSection
	GlobalSection(SolutionProperties) = preSolution
		HideSolutionNode = FALSE
	EndGlobalSection
	GlobalSection(ExtensibilityGlobals) = postSolution
		SolutionGuid = {3B446D49-66FA-44DF-B9DF-53AB6AA69FC8}
	EndGlobalSection
EndGlobal
